# THIS IS AN AUTOGENERATED FILE. DO NOT EDIT THIS FILE DIRECTLY.
# yarn lockfile v1


"@types/make-dir@^1.0.3":
  version "1.0.3"
  resolved "https://registry.yarnpkg.com/@types/make-dir/-/make-dir-1.0.3.tgz#91fb52cefd07b0755d2373bcd46229765197ca3e"
  integrity sha512-bFRvlvUdPwxj47K2yVh7OBL8Mu8h//5k/hQJkz0iAZAlxhnIDydFezGA96zehtnRfrZDuIyPd+RC2kmBGtcs0w==
  dependencies:
    "@types/node" "*"

"@types/node@*":
  version "10.12.23"
  resolved "https://registry.yarnpkg.com/@types/node/-/node-10.12.23.tgz#308a3acdc5d1c842aeadc50b867d99c46cfae868"
  integrity sha512-EKhb5NveQ3NlW5EV7B0VRtDKwUfVey8LuJRl9pp5iW0se87/ZqLjG0PMf2MCzPXAJYWZN5Ltg7pHIAf9/Dm1tQ==

"@types/recursive-readdir@^2.2.0":
  version "2.2.0"
  resolved "https://registry.yarnpkg.com/@types/recursive-readdir/-/recursive-readdir-2.2.0.tgz#b39cd5474fd58ea727fe434d5c68b7a20ba9121c"
  integrity sha512-HGk753KRu2N4mWduovY4BLjYq4jTOL29gV2OfGdGxHcPSWGFkC5RRIdk+VTs5XmYd7MVAD+JwKrcb5+5Y7FOCg==
  dependencies:
    "@types/node" "*"

balanced-match@^1.0.0:
  version "1.0.0"
  resolved "https://registry.yarnpkg.com/balanced-match/-/balanced-match-1.0.0.tgz#89b4d199ab2bee49de164ea02b89ce462d71b767"
  integrity sha1-ibTRmasr7kneFk6gK4nORi1xt2c=

brace-expansion@^1.1.7:
  version "1.1.11"
  resolved "https://registry.yarnpkg.com/brace-expansion/-/brace-expansion-1.1.11.tgz#3c7fcbf529d87226f3d2f52b966ff5271eb441dd"
  integrity sha512-iCuPHDFgrHX7H2vEI/5xpz07zSHB00TpugqhmYtVmMO6518mCuRMoOYFldEBl0g187ufozdaHgWKcYFb61qGiA==
  dependencies:
    balanced-match "^1.0.0"
    concat-map "0.0.1"

concat-map@0.0.1:
  version "0.0.1"
  resolved "https://registry.yarnpkg.com/concat-map/-/concat-map-0.0.1.tgz#d8a96bd77fd68df7793a73036a3ba0d5405d477b"
  integrity sha1-2Klr13/Wjfd5OnMDajug1UBdR3s=

make-dir@^2.0.0:
  version "2.0.0"
  resolved "https://registry.yarnpkg.com/make-dir/-/make-dir-2.0.0.tgz#648a648c64fe460621461997f7ae2b40d1f65c7e"
  integrity sha512-DCZvJtCxpfY3a0Onp57Jm0PY9ggZENfVtBMsPdXFZDrMSHU5kYCMJkJesLr0/UrFdJKuDUYoGxCpc93n4F3Z8g==
  dependencies:
    pify "^4.0.1"
    semver "^5.6.0"

minimatch@3.0.4:
  version "3.0.4"
  resolved "https://registry.yarnpkg.com/minimatch/-/minimatch-3.0.4.tgz#5166e286457f03306064be5497e8dbb0c3d32083"
  integrity sha512-yJHVQEhyqPLUTgt9B83PXu6W3rx4MvvHvSUvToogpwoGDOUQ+yDrR0HRot+yOCdCO7u4hX3pWft6kWBBcqh0UA==
  dependencies:
    brace-expansion "^1.1.7"

pify@^4.0.1:
  version "4.0.1"
  resolved "https://registry.yarnpkg.com/pify/-/pify-4.0.1.tgz#4b2cd25c50d598735c50292224fd8c6df41e3231"
  integrity sha512-uB80kBFb/tfd68bVleG9T5GGsGPjJrLAUpR5PZIrhBnIaRTQRjqdJSsIKkOP6OAIFbj7GOrcudc5pNjZ+geV2g==

recursive-readdir@^2.2.2:
  version "2.2.2"
  resolved "https://registry.yarnpkg.com/recursive-readdir/-/recursive-readdir-2.2.2.tgz#9946fb3274e1628de6e36b2f6714953b4845094f"
  integrity sha512-nRCcW9Sj7NuZwa2XvH9co8NPeXUBhZP7CRKJtU+cS6PW9FpCIFoI5ib0NT1ZrbNuPoRy0ylyCaUL8Gih4LSyFg==
  dependencies:
    minimatch "3.0.4"

semver@^5.6.0:
  version "5.6.0"
  resolved "https://registry.yarnpkg.com/semver/-/semver-5.6.0.tgz#7e74256fbaa49c75aa7c7a205cc22799cac80004"
  integrity sha512-RS9R6R35NYgQn++fkDWaOmqGoj4Ek9gGs+DPxNUZKuwE183xjJroKvyo1IzVFeXvUrvmALy6FWD5xrdJT25gMg==

typescript@^3.3.3:
  version "3.3.3"
  resolved "https://registry.yarnpkg.com/typescript/-/typescript-3.3.3.tgz#f1657fc7daa27e1a8930758ace9ae8da31403221"
  integrity sha512-Y21Xqe54TBVp+VDSNbuDYdGw0BpoR/Q6wo/+35M8PAU0vipahnyduJWirxxdxjsAkS7hue53x2zp8gz7F05u0A==
